
Microsoft Visual Studio Solution File, Format Version 12.00
# Visual Studio Version 16
VisualStudioVersion = 16.0.29613.14
MinimumVisualStudioVersion = 10.0.40219.1
Project("{2150E333-8FDC-42A3-9474-1A3956D46DE8}") = "01.Utiltity", "01.Utiltity", "{566D50A8-4300-4A1F-B06A-9C649CE0ECBA}"
EndProject
Project("{2150E333-8FDC-42A3-9474-1A3956D46DE8}") = "02.WCF", "02.WCF", "{5543A672-8AB3-4B46-A051-680D08021C2F}"
EndProject
Project("{2150E333-8FDC-42A3-9474-1A3956D46DE8}") = "04.Client", "04.Client", "{1AF55A61-28F8-41EC-B58E-D809FF3878C1}"
EndProject
Project("{2150E333-8FDC-42A3-9474-1A3956D46DE8}") = "04Server", "04Server", "{BDCD2D56-DDAB-4D25-A73C-20534E2933C1}"
EndProject
Project("{FAE04EC0-301F-11D3-BF4B-00C04F79EFBC}") = "ChatService", "ChatService\ChatService.csproj", "{5310005E-30FE-438B-84D5-B4DC61C22ED6}"
EndProject
Project("{FAE04EC0-301F-11D3-BF4B-00C04F79EFBC}") = "WCF.Interfaces", "WCF.Interfaces\WCF.Interfaces.csproj", "{5D26579A-EFF5-439D-8C30-37378C154A8B}"
EndProject
Project("{FAE04EC0-301F-11D3-BF4B-00C04F79EFBC}") = "WCF.Datas", "WCF.Datas\WCF.Datas.csproj", "{D430930C-37B7-432A-9996-4768D9BEB0BD}"
EndProject
Project("{FAE04EC0-301F-11D3-BF4B-00C04F79EFBC}") = "ChatClient", "ChatClient\ChatClient.csproj", "{7A0A63C5-0B54-43C7-B31E-3EEBA8415BF4}"
EndProject
Project("{2150E333-8FDC-42A3-9474-1A3956D46DE8}") = "03.Modules", "03.Modules", "{B0FFD99D-88CB-4B6C-89C4-6AE67F35FD9F}"
EndProject
Project("{FAE04EC0-301F-11D3-BF4B-00C04F79EFBC}") = "Module.ManagerCenter", "Module.ManagerCenter\Module.ManagerCenter.csproj", "{83492970-5E21-4660-BDB2-96D0C734106A}"
EndProject
Project("{FAE04EC0-301F-11D3-BF4B-00C04F79EFBC}") = "ServiceProxy", "ServiceProxy\ServiceProxy.csproj", "{1690310A-EB91-4796-B995-3AF2CC7625AC}"
EndProject
Project("{2150E333-8FDC-42A3-9474-1A3956D46DE8}") = "02.WPF", "02.WPF", "{556EA5F2-C608-46B4-BB62-FF636962B5FB}"
EndProject
Project("{2150E333-8FDC-42A3-9474-1A3956D46DE8}") = "04Test", "04Test", "{9A665A7C-90E0-422A-9C2E-8E0F45478DC1}"
EndProject
Global
	GlobalSection(SolutionConfigurationPlatforms) = preSolution
		Debug|Any CPU = Debug|Any CPU
		Release|Any CPU = Release|Any CPU
	EndGlobalSection
	GlobalSection(ProjectConfigurationPlatforms) = postSolution
		{5310005E-30FE-438B-84D5-B4DC61C22ED6}.Debug|Any CPU.ActiveCfg = Debug|Any CPU
		{5310005E-30FE-438B-84D5-B4DC61C22ED6}.Debug|Any CPU.Build.0 = Debug|Any CPU
		{5310005E-30FE-438B-84D5-B4DC61C22ED6}.Release|Any CPU.ActiveCfg = Release|Any CPU
		{5310005E-30FE-438B-84D5-B4DC61C22ED6}.Release|Any CPU.Build.0 = Release|Any CPU
		{5D26579A-EFF5-439D-8C30-37378C154A8B}.Debug|Any CPU.ActiveCfg = Debug|Any CPU
		{5D26579A-EFF5-439D-8C30-37378C154A8B}.Debug|Any CPU.Build.0 = Debug|Any CPU
		{5D26579A-EFF5-439D-8C30-37378C154A8B}.Release|Any CPU.ActiveCfg = Release|Any CPU
		{5D26579A-EFF5-439D-8C30-37378C154A8B}.Release|Any CPU.Build.0 = Release|Any CPU
		{D430930C-37B7-432A-9996-4768D9BEB0BD}.Debug|Any CPU.ActiveCfg = Debug|Any CPU
		{D430930C-37B7-432A-9996-4768D9BEB0BD}.Debug|Any CPU.Build.0 = Debug|Any CPU
		{D430930C-37B7-432A-9996-4768D9BEB0BD}.Release|Any CPU.ActiveCfg = Release|Any CPU
		{D430930C-37B7-432A-9996-4768D9BEB0BD}.Release|Any CPU.Build.0 = Release|Any CPU
		{7A0A63C5-0B54-43C7-B31E-3EEBA8415BF4}.Debug|Any CPU.ActiveCfg = Debug|Any CPU
		{7A0A63C5-0B54-43C7-B31E-3EEBA8415BF4}.Debug|Any CPU.Build.0 = Debug|Any CPU
		{7A0A63C5-0B54-43C7-B31E-3EEBA8415BF4}.Release|Any CPU.ActiveCfg = Release|Any CPU
		{7A0A63C5-0B54-43C7-B31E-3EEBA8415BF4}.Release|Any CPU.Build.0 = Release|Any CPU
		{83492970-5E21-4660-BDB2-96D0C734106A}.Debug|Any CPU.ActiveCfg = Debug|Any CPU
		{83492970-5E21-4660-BDB2-96D0C734106A}.Debug|Any CPU.Build.0 = Debug|Any CPU
		{83492970-5E21-4660-BDB2-96D0C734106A}.Release|Any CPU.ActiveCfg = Release|Any CPU
		{83492970-5E21-4660-BDB2-96D0C734106A}.Release|Any CPU.Build.0 = Release|Any CPU
		{1690310A-EB91-4796-B995-3AF2CC7625AC}.Debug|Any CPU.ActiveCfg = Debug|Any CPU
		{1690310A-EB91-4796-B995-3AF2CC7625AC}.Debug|Any CPU.Build.0 = Debug|Any CPU
		{1690310A-EB91-4796-B995-3AF2CC7625AC}.Release|Any CPU.ActiveCfg = Release|Any CPU
		{1690310A-EB91-4796-B995-3AF2CC7625AC}.Release|Any CPU.Build.0 = Release|Any CPU
	EndGlobalSection
	GlobalSection(SolutionProperties) = preSolution
		HideSolutionNode = FALSE
	EndGlobalSection
	GlobalSection(NestedProjects) = preSolution
		{5310005E-30FE-438B-84D5-B4DC61C22ED6} = {BDCD2D56-DDAB-4D25-A73C-20534E2933C1}
		{5D26579A-EFF5-439D-8C30-37378C154A8B} = {5543A672-8AB3-4B46-A051-680D08021C2F}
		{D430930C-37B7-432A-9996-4768D9BEB0BD} = {5543A672-8AB3-4B46-A051-680D08021C2F}
		{7A0A63C5-0B54-43C7-B31E-3EEBA8415BF4} = {1AF55A61-28F8-41EC-B58E-D809FF3878C1}
		{83492970-5E21-4660-BDB2-96D0C734106A} = {B0FFD99D-88CB-4B6C-89C4-6AE67F35FD9F}
		{1690310A-EB91-4796-B995-3AF2CC7625AC} = {B0FFD99D-88CB-4B6C-89C4-6AE67F35FD9F}
	EndGlobalSection
	GlobalSection(ExtensibilityGlobals) = postSolution
		SolutionGuid = {5DE4EB44-944F-4168-A6AA-1E4DF8747868}
	EndGlobalSection
EndGlobal
